
Microsoft Visual Studio Solution File, Format Version 12.00
# Visual Studio Version 17
VisualStudioVersion = 17.6.33815.320
MinimumVisualStudioVersion = 10.0.40219.1
Project("{FAE04EC0-301F-11D3-BF4B-00C04F79EFBC}") = "Lab1", "Lab1\Lab1.csproj", "{BCE1F8F8-6040-4A74-B63E-2B0EB1170D38}"
EndProject
Global
	GlobalSection(SolutionConfigurationPlatforms) = preSolution
		Debug|Any CPU = Debug|Any CPU
		Release|Any CPU = Release|Any CPU
	EndGlobalSection
	GlobalSection(ProjectConfigurationPlatforms) = postSolution
		{BCE1F8F8-6040-4A74-B63E-2B0EB1170D38}.Debug|Any CPU.ActiveCfg = Debug|Any CPU
		{BCE1F8F8-6040-4A74-B63E-2B0EB1170D38}.Debug|Any CPU.Build.0 = Debug|Any CPU
		{BCE1F8F8-6040-4A74-B63E-2B0EB1170D38}.Release|Any CPU.ActiveCfg = Release|Any CPU
		{BCE1F8F8-6040-4A74-B63E-2B0EB1170D38}.Release|Any CPU.Build.0 = Release|Any CPU
	EndGlobalSection
	GlobalSection(SolutionProperties) = preSolution
		HideSolutionNode = FALSE
	EndGlobalSection
	GlobalSection(ExtensibilityGlobals) = postSolution
		SolutionGuid = {3761F3B4-D33D-4957-9803-317BA448A7C5}
	EndGlobalSection
EndGlobal
